# This file is automatically @generated by Cargo.
# It is not intended for manual editing.
version = 4

[[package]]
name = "app"
version = "0.1.0"
dependencies = [
 "shared",
]

[[package]]
name = "hello-rust"
version = "0.1.0"

[[package]]
name = "scrape_url"
version = "0.1.0"

[[package]]
name = "shared"
version = "0.1.0"
